
Microsoft Visual Studio Solution File, Format Version 12.00
# Visual Studio Version 17
VisualStudioVersion = 17.11.35312.102
MinimumVisualStudioVersion = 10.0.40219.1
Project("{FAE04EC0-301F-11D3-BF4B-00C04F79EFBC}") = "WCFClient", "WCFClient.csproj", "{77EC61A4-6A8E-4FE7-B8F8-56E4037938DE}"
EndProject
Global
	GlobalSection(SolutionConfigurationPlatforms) = preSolution
		Debug|Any CPU = Debug|Any CPU
		Debug|x64 = Debug|x64
		Debug|x86 = Debug|x86
		Release|Any CPU = Release|Any CPU
		Release|x64 = Release|x64
		Release|x86 = Release|x86
	EndGlobalSection
	GlobalSection(ProjectConfigurationPlatforms) = postSolution
		{77EC61A4-6A8E-4FE7-B8F8-56E4037938DE}.Debug|Any CPU.ActiveCfg = Debug|Any CPU
		{77EC61A4-6A8E-4FE7-B8F8-56E4037938DE}.Debug|Any CPU.Build.0 = Debug|Any CPU
		{77EC61A4-6A8E-4FE7-B8F8-56E4037938DE}.Debug|x64.ActiveCfg = Debug|x64
		{77EC61A4-6A8E-4FE7-B8F8-56E4037938DE}.Debug|x64.Build.0 = Debug|x64
		{77EC61A4-6A8E-4FE7-B8F8-56E4037938DE}.Debug|x86.ActiveCfg = Debug|x86
		{77EC61A4-6A8E-4FE7-B8F8-56E4037938DE}.Debug|x86.Build.0 = Debug|x86
		{77EC61A4-6A8E-4FE7-B8F8-56E4037938DE}.Release|Any CPU.ActiveCfg = Release|Any CPU
		{77EC61A4-6A8E-4FE7-B8F8-56E4037938DE}.Release|Any CPU.Build.0 = Release|Any CPU
		{77EC61A4-6A8E-4FE7-B8F8-56E4037938DE}.Release|x64.ActiveCfg = Release|x64
		{77EC61A4-6A8E-4FE7-B8F8-56E4037938DE}.Release|x64.Build.0 = Release|x64
		{77EC61A4-6A8E-4FE7-B8F8-56E4037938DE}.Release|x86.ActiveCfg = Release|x86
		{77EC61A4-6A8E-4FE7-B8F8-56E4037938DE}.Release|x86.Build.0 = Release|x86
	EndGlobalSection
	GlobalSection(SolutionProperties) = preSolution
		HideSolutionNode = FALSE
	EndGlobalSection
	GlobalSection(ExtensibilityGlobals) = postSolution
		SolutionGuid = {6A28BD2B-EF8C-42FF-85BE-099C0F332A1D}
	EndGlobalSection
EndGlobal
