
Microsoft Visual Studio Solution File, Format Version 12.00
# Visual Studio Version 17
VisualStudioVersion = 17.11.35312.102
MinimumVisualStudioVersion = 10.0.40219.1
Project("{FAE04EC0-301F-11D3-BF4B-00C04F79EFBC}") = "GRPCClient", "GRPCClient.csproj", "{39ED9AFD-DDB7-4D7B-8A04-24D09E1BA993}"
EndProject
Global
	GlobalSection(SolutionConfigurationPlatforms) = preSolution
		Debug|Any CPU = Debug|Any CPU
		Debug|x64 = Debug|x64
		Debug|x86 = Debug|x86
		Release|Any CPU = Release|Any CPU
		Release|x64 = Release|x64
		Release|x86 = Release|x86
	EndGlobalSection
	GlobalSection(ProjectConfigurationPlatforms) = postSolution
		{39ED9AFD-DDB7-4D7B-8A04-24D09E1BA993}.Debug|Any CPU.ActiveCfg = Debug|Any CPU
		{39ED9AFD-DDB7-4D7B-8A04-24D09E1BA993}.Debug|Any CPU.Build.0 = Debug|Any CPU
		{39ED9AFD-DDB7-4D7B-8A04-24D09E1BA993}.Debug|x64.ActiveCfg = Debug|x64
		{39ED9AFD-DDB7-4D7B-8A04-24D09E1BA993}.Debug|x64.Build.0 = Debug|x64
		{39ED9AFD-DDB7-4D7B-8A04-24D09E1BA993}.Debug|x86.ActiveCfg = Debug|x86
		{39ED9AFD-DDB7-4D7B-8A04-24D09E1BA993}.Debug|x86.Build.0 = Debug|x86
		{39ED9AFD-DDB7-4D7B-8A04-24D09E1BA993}.Release|Any CPU.ActiveCfg = Release|Any CPU
		{39ED9AFD-DDB7-4D7B-8A04-24D09E1BA993}.Release|Any CPU.Build.0 = Release|Any CPU
		{39ED9AFD-DDB7-4D7B-8A04-24D09E1BA993}.Release|x64.ActiveCfg = Release|x64
		{39ED9AFD-DDB7-4D7B-8A04-24D09E1BA993}.Release|x64.Build.0 = Release|x64
		{39ED9AFD-DDB7-4D7B-8A04-24D09E1BA993}.Release|x86.ActiveCfg = Release|x86
		{39ED9AFD-DDB7-4D7B-8A04-24D09E1BA993}.Release|x86.Build.0 = Release|x86
	EndGlobalSection
	GlobalSection(SolutionProperties) = preSolution
		HideSolutionNode = FALSE
	EndGlobalSection
	GlobalSection(ExtensibilityGlobals) = postSolution
		SolutionGuid = {819EE680-CAC1-40C6-8AE9-A59A69399994}
	EndGlobalSection
EndGlobal
